
Microsoft Visual Studio Solution File, Format Version 12.00
# Visual Studio Version 17
VisualStudioVersion = 17.1.32407.343
MinimumVisualStudioVersion = 10.0.40219.1
Project("{FAE04EC0-301F-11D3-BF4B-00C04F79EFBC}") = "Powers Table", "Powers Table\Powers Table.csproj", "{62C5755A-B066-4FED-888D-E9B6C92D8C57}"
EndProject
Global
	GlobalSection(SolutionConfigurationPlatforms) = preSolution
		Debug|Any CPU = Debug|Any CPU
		Release|Any CPU = Release|Any CPU
	EndGlobalSection
	GlobalSection(ProjectConfigurationPlatforms) = postSolution
		{62C5755A-B066-4FED-888D-E9B6C92D8C57}.Debug|Any CPU.ActiveCfg = Debug|Any CPU
		{62C5755A-B066-4FED-888D-E9B6C92D8C57}.Debug|Any CPU.Build.0 = Debug|Any CPU
		{62C5755A-B066-4FED-888D-E9B6C92D8C57}.Release|Any CPU.ActiveCfg = Release|Any CPU
		{62C5755A-B066-4FED-888D-E9B6C92D8C57}.Release|Any CPU.Build.0 = Release|Any CPU
	EndGlobalSection
	GlobalSection(SolutionProperties) = preSolution
		HideSolutionNode = FALSE
	EndGlobalSection
	GlobalSection(ExtensibilityGlobals) = postSolution
		SolutionGuid = {0F3A6C00-2EBB-437B-A3EB-0B319A71D518}
	EndGlobalSection
EndGlobal
